
Microsoft Visual Studio Solution File, Format Version 12.00
# Visual Studio Version 17
VisualStudioVersion = 17.11.35222.181
MinimumVisualStudioVersion = 10.0.40219.1
Project("{FAE04EC0-301F-11D3-BF4B-00C04F79EFBC}") = "Facility2024", "Facility2024\Facility2024.csproj", "{B550AA0F-19E9-4DF2-BD51-569C65C3D771}"
EndProject
Global
	GlobalSection(SolutionConfigurationPlatforms) = preSolution
		Debug|Any CPU = Debug|Any CPU
		Release|Any CPU = Release|Any CPU
	EndGlobalSection
	GlobalSection(ProjectConfigurationPlatforms) = postSolution
		{B550AA0F-19E9-4DF2-BD51-569C65C3D771}.Debug|Any CPU.ActiveCfg = Debug|Any CPU
		{B550AA0F-19E9-4DF2-BD51-569C65C3D771}.Debug|Any CPU.Build.0 = Debug|Any CPU
		{B550AA0F-19E9-4DF2-BD51-569C65C3D771}.Release|Any CPU.ActiveCfg = Release|Any CPU
		{B550AA0F-19E9-4DF2-BD51-569C65C3D771}.Release|Any CPU.Build.0 = Release|Any CPU
	EndGlobalSection
	GlobalSection(SolutionProperties) = preSolution
		HideSolutionNode = FALSE
	EndGlobalSection
	GlobalSection(ExtensibilityGlobals) = postSolution
		SolutionGuid = {EED896AC-257B-4E98-9FB0-4D22D373C0A3}
	EndGlobalSection
EndGlobal
